#MicroXplorer Configuration settings - do not modify
File.Version=6
KeepUserPlacement=false
Mcu.Family=STM32F0
Mcu.IP0=NVIC
Mcu.IP1=RCC
Mcu.IP2=SYS
Mcu.IPNb=3
Mcu.Name=STM32F051R8Tx
Mcu.Package=LQFP64
Mcu.Pin0=PA0
Mcu.Pin1=PC8
Mcu.Pin2=PC9
Mcu.Pin3=VP_SYS_VS_Systick
Mcu.PinsNb=4
Mcu.UserConstants=
Mcu.UserName=STM32F051R8Tx
MxCube.Version=4.13.0
MxDb.Version=DB.4.0.130
NVIC.SysTick_IRQn=true\:0\:0\:false
PA0.Locked=true
PA0.Signal=GPIO_Input
PC8.Locked=true
PC8.Signal=GPIO_Output
PC9.Locked=true
PC9.Signal=GPIO_Output
PCC.Checker=false
PCC.Line=STM32F0x1
PCC.MCU=STM32F051R8Tx
PCC.MXVersion=4.13.0
PCC.PartNumber=STM32F051R8Tx
PCC.Seq0=0
PCC.Series=STM32F0
PCC.Temperature=25
PCC.Vdd=3.6
RCC.CECFreq_Value=32786.88524590164
RCC.FamilyName=M
RCC.HSICECFreq_Value=32786.88524590164
RCC.IPParameters=FamilyName,HSICECFreq_Value,CECFreq_Value,PLLCLKFreq_Value,PLLMCOFreq_Value,TimSysFreq_Value
RCC.PLLCLKFreq_Value=8000000
RCC.PLLMCOFreq_Value=4000000
RCC.TimSysFreq_Value=8000000
VP_SYS_VS_Systick.Mode=SysTick
VP_SYS_VS_Systick.Signal=SYS_VS_Systick
